
Microsoft Visual Studio Solution File, Format Version 12.00
# Visual Studio Version 16
VisualStudioVersion = 16.0.30611.23
MinimumVisualStudioVersion = 10.0.40219.1
Project("{9A19103F-16F7-4668-BE54-9A1E7A4F7556}") = "WoWCheck", "WoWCheck\WoWCheck.csproj", "{286F0142-D77F-45A0-89E7-861F6D2D9E57}"
EndProject
Global
	GlobalSection(SolutionConfigurationPlatforms) = preSolution
		Debug|Any CPU = Debug|Any CPU
		Release|Any CPU = Release|Any CPU
	EndGlobalSection
	GlobalSection(ProjectConfigurationPlatforms) = postSolution
		{286F0142-D77F-45A0-89E7-861F6D2D9E57}.Debug|Any CPU.ActiveCfg = Debug|Any CPU
		{286F0142-D77F-45A0-89E7-861F6D2D9E57}.Debug|Any CPU.Build.0 = Debug|Any CPU
		{286F0142-D77F-45A0-89E7-861F6D2D9E57}.Release|Any CPU.ActiveCfg = Release|Any CPU
		{286F0142-D77F-45A0-89E7-861F6D2D9E57}.Release|Any CPU.Build.0 = Release|Any CPU
	EndGlobalSection
	GlobalSection(SolutionProperties) = preSolution
		HideSolutionNode = FALSE
	EndGlobalSection
	GlobalSection(ExtensibilityGlobals) = postSolution
		SolutionGuid = {9DCCF9E4-D1E2-4EE9-BB53-A293E804237B}
	EndGlobalSection
EndGlobal
